// !$*UTF8*$!
{
	archiveVersion = 1;
	classes = {
	};
	objectVersion = 56;
	objects = {

/* Begin PBXBuildFile section */
		1CFD6618AF0428932B0F7C8A /* Pods_Dota2_plus.framework in Frameworks */ = {isa = PBXBuildFile; fileRef = 750CEAF2B9CE57323550665F /* Pods_Dota2_plus.framework */; };
		225D19CB29B79EA6000E7E44 /* Dota2_plusApp.swift in Sources */ = {isa = PBXBuildFile; fileRef = 225D19CA29B79EA6000E7E44 /* Dota2_plusApp.swift */; };
		225D19CF29B79EA7000E7E44 /* Assets.xcassets in Resources */ = {isa = PBXBuildFile; fileRef = 225D19CE29B79EA7000E7E44 /* Assets.xcassets */; };
		225D19D229B79EA7000E7E44 /* Preview Assets.xcassets in Resources */ = {isa = PBXBuildFile; fileRef = 225D19D129B79EA7000E7E44 /* Preview Assets.xcassets */; };
		225D19DC29B79EA7000E7E44 /* Dota2_plusTests.swift in Sources */ = {isa = PBXBuildFile; fileRef = 225D19DB29B79EA7000E7E44 /* Dota2_plusTests.swift */; };
		225D1A0029B7A491000E7E44 /* HeroesTabBarView.swift in Sources */ = {isa = PBXBuildFile; fileRef = 225D19FF29B7A491000E7E44 /* HeroesTabBarView.swift */; };
		225D1A0229B7A4A9000E7E44 /* HeroesModel.swift in Sources */ = {isa = PBXBuildFile; fileRef = 225D1A0129B7A4A9000E7E44 /* HeroesModel.swift */; };
		225D1A0629B7A647000E7E44 /* Constants.swift in Sources */ = {isa = PBXBuildFile; fileRef = 225D1A0529B7A647000E7E44 /* Constants.swift */; };
		225D1A0829B7B37F000E7E44 /* HeroesListViewModel.swift in Sources */ = {isa = PBXBuildFile; fileRef = 225D1A0729B7B37F000E7E44 /* HeroesListViewModel.swift */; };
		225D1A0F29B7B611000E7E44 /* HeroDetailView.swift in Sources */ = {isa = PBXBuildFile; fileRef = 225D1A0E29B7B611000E7E44 /* HeroDetailView.swift */; };
		225D1A1229B7BB27000E7E44 /* SwiftUIWebView.swift in Sources */ = {isa = PBXBuildFile; fileRef = 225D1A1129B7BB27000E7E44 /* SwiftUIWebView.swift */; };
		225D1A1429B7E4E1000E7E44 /* SearchableHeroListView.swift in Sources */ = {isa = PBXBuildFile; fileRef = 225D1A1329B7E4E1000E7E44 /* SearchableHeroListView.swift */; };
		225D1A1A29B7FAA7000E7E44 /* DotaApiService.swift in Sources */ = {isa = PBXBuildFile; fileRef = 225D1A1929B7FAA7000E7E44 /* DotaApiService.swift */; };
		225D1A1D29B8D99B000E7E44 /* TeamsTabBarView.swift in Sources */ = {isa = PBXBuildFile; fileRef = 225D1A1C29B8D99B000E7E44 /* TeamsTabBarView.swift */; };
		225D1A2129B8DD5A000E7E44 /* TeamModel.swift in Sources */ = {isa = PBXBuildFile; fileRef = 225D1A2029B8DD5A000E7E44 /* TeamModel.swift */; };
		225D1A2329B8FD5A000E7E44 /* TeamsTabBarViewModel.swift in Sources */ = {isa = PBXBuildFile; fileRef = 225D1A2229B8FD5A000E7E44 /* TeamsTabBarViewModel.swift */; };
		225D1A2729B8FDE6000E7E44 /* TeamsApiService.swift in Sources */ = {isa = PBXBuildFile; fileRef = 225D1A2629B8FDE6000E7E44 /* TeamsApiService.swift */; };
		225D1A2929BB98BE000E7E44 /* HeroesGridCellsView.swift in Sources */ = {isa = PBXBuildFile; fileRef = 225D1A2829BB98BE000E7E44 /* HeroesGridCellsView.swift */; };
		225D1A2B29BB9969000E7E44 /* HeroesListView.swift in Sources */ = {isa = PBXBuildFile; fileRef = 225D1A2A29BB9969000E7E44 /* HeroesListView.swift */; };
		225D1A2D29BFC989000E7E44 /* HeroesGridCellsViewModel.swift in Sources */ = {isa = PBXBuildFile; fileRef = 225D1A2C29BFC989000E7E44 /* HeroesGridCellsViewModel.swift */; };
		225D1A2F29BFCF83000E7E44 /* HeroTabBarViewModel.swift in Sources */ = {isa = PBXBuildFile; fileRef = 225D1A2E29BFCF83000E7E44 /* HeroTabBarViewModel.swift */; };
		225D1A3229C0E4A2000E7E44 /* PlayerView.swift in Sources */ = {isa = PBXBuildFile; fileRef = 225D1A3129C0E4A2000E7E44 /* PlayerView.swift */; };
		225D1A3729C0E4C9000E7E44 /* PlayerModel.swift in Sources */ = {isa = PBXBuildFile; fileRef = 225D1A3629C0E4C9000E7E44 /* PlayerModel.swift */; };
		225D1A3929C0E613000E7E44 /* PlayerViewModel.swift in Sources */ = {isa = PBXBuildFile; fileRef = 225D1A3829C0E613000E7E44 /* PlayerViewModel.swift */; };
		225D1A3D29C195DB000E7E44 /* HomeView.swift in Sources */ = {isa = PBXBuildFile; fileRef = 225D1A3C29C195DB000E7E44 /* HomeView.swift */; };
		225D1A4029C2803D000E7E44 /* HeroDetailViewModel.swift in Sources */ = {isa = PBXBuildFile; fileRef = 225D1A3F29C2803D000E7E44 /* HeroDetailViewModel.swift */; };
		225D1A4229C2B981000E7E44 /* heroesServiceResponse.json in Resources */ = {isa = PBXBuildFile; fileRef = 225D1A4129C2B981000E7E44 /* heroesServiceResponse.json */; };
		225D1A4329C2B981000E7E44 /* heroesServiceResponse.json in Resources */ = {isa = PBXBuildFile; fileRef = 225D1A4129C2B981000E7E44 /* heroesServiceResponse.json */; };
		225D1A4629C3885E000E7E44 /* HeroTabBarService.swift in Sources */ = {isa = PBXBuildFile; fileRef = 225D1A4529C3885E000E7E44 /* HeroTabBarService.swift */; };
		225D1A4929C3D0A2000E7E44 /* PlayerService.swift in Sources */ = {isa = PBXBuildFile; fileRef = 225D1A4829C3D0A2000E7E44 /* PlayerService.swift */; };
		225D1A4B29C4B350000E7E44 /* HeroModelOrganization.swift in Sources */ = {isa = PBXBuildFile; fileRef = 225D1A4A29C4B350000E7E44 /* HeroModelOrganization.swift */; };
		225D1A4D29C4D07E000E7E44 /* DotaApiService_unitTests.swift in Sources */ = {isa = PBXBuildFile; fileRef = 225D1A4C29C4D07E000E7E44 /* DotaApiService_unitTests.swift */; };
		22F080AB29CA0927004A80EB /* HeroDetailService.swift in Sources */ = {isa = PBXBuildFile; fileRef = 22F080AA29CA0927004A80EB /* HeroDetailService.swift */; };
		8A6A5F81389CDCC38B84E368 /* Pods_Dota2_plusTests.framework in Frameworks */ = {isa = PBXBuildFile; fileRef = ACCD74B4F8C36BB9D2EFB8E4 /* Pods_Dota2_plusTests.framework */; };
/* End PBXBuildFile section */

/* Begin PBXContainerItemProxy section */
		225D19D829B79EA7000E7E44 /* PBXContainerItemProxy */ = {
			isa = PBXContainerItemProxy;
			containerPortal = 225D19BF29B79EA6000E7E44 /* Project object */;
			proxyType = 1;
			remoteGlobalIDString = 225D19C629B79EA6000E7E44;
			remoteInfo = "Dota2 plus";
		};
/* End PBXContainerItemProxy section */

/* Begin PBXFileReference section */
		225D19C729B79EA6000E7E44 /* Dota2 plus.app */ = {isa = PBXFileReference; explicitFileType = wrapper.application; includeInIndex = 0; path = "Dota2 plus.app"; sourceTree = BUILT_PRODUCTS_DIR; };
		225D19CA29B79EA6000E7E44 /* Dota2_plusApp.swift */ = {isa = PBXFileReference; lastKnownFileType = sourcecode.swift; path = Dota2_plusApp.swift; sourceTree = "<group>"; };
		225D19CE29B79EA7000E7E44 /* Assets.xcassets */ = {isa = PBXFileReference; lastKnownFileType = folder.assetcatalog; path = Assets.xcassets; sourceTree = "<group>"; };
		225D19D129B79EA7000E7E44 /* Preview Assets.xcassets */ = {isa = PBXFileReference; lastKnownFileType = folder.assetcatalog; path = "Preview Assets.xcassets"; sourceTree = "<group>"; };
		225D19D729B79EA7000E7E44 /* Dota2 plusTests.xctest */ = {isa = PBXFileReference; explicitFileType = wrapper.cfbundle; includeInIndex = 0; path = "Dota2 plusTests.xctest"; sourceTree = BUILT_PRODUCTS_DIR; };
		225D19DB29B79EA7000E7E44 /* Dota2_plusTests.swift */ = {isa = PBXFileReference; lastKnownFileType = sourcecode.swift; path = Dota2_plusTests.swift; sourceTree = "<group>"; };
		225D19FF29B7A491000E7E44 /* HeroesTabBarView.swift */ = {isa = PBXFileReference; lastKnownFileType = sourcecode.swift; path = HeroesTabBarView.swift; sourceTree = "<group>"; };
		225D1A0129B7A4A9000E7E44 /* HeroesModel.swift */ = {isa = PBXFileReference; lastKnownFileType = sourcecode.swift; path = HeroesModel.swift; sourceTree = "<group>"; };
		225D1A0529B7A647000E7E44 /* Constants.swift */ = {isa = PBXFileReference; lastKnownFileType = sourcecode.swift; path = Constants.swift; sourceTree = "<group>"; };
		225D1A0729B7B37F000E7E44 /* HeroesListViewModel.swift */ = {isa = PBXFileReference; lastKnownFileType = sourcecode.swift; path = HeroesListViewModel.swift; sourceTree = "<group>"; };
		225D1A0E29B7B611000E7E44 /* HeroDetailView.swift */ = {isa = PBXFileReference; lastKnownFileType = sourcecode.swift; path = HeroDetailView.swift; sourceTree = "<group>"; };
		225D1A1129B7BB27000E7E44 /* SwiftUIWebView.swift */ = {isa = PBXFileReference; lastKnownFileType = sourcecode.swift; path = SwiftUIWebView.swift; sourceTree = "<group>"; };
		225D1A1329B7E4E1000E7E44 /* SearchableHeroListView.swift */ = {isa = PBXFileReference; lastKnownFileType = sourcecode.swift; path = SearchableHeroListView.swift; sourceTree = "<group>"; };
		225D1A1929B7FAA7000E7E44 /* DotaApiService.swift */ = {isa = PBXFileReference; lastKnownFileType = sourcecode.swift; path = DotaApiService.swift; sourceTree = "<group>"; };
		225D1A1C29B8D99B000E7E44 /* TeamsTabBarView.swift */ = {isa = PBXFileReference; lastKnownFileType = sourcecode.swift; path = TeamsTabBarView.swift; sourceTree = "<group>"; };
		225D1A2029B8DD5A000E7E44 /* TeamModel.swift */ = {isa = PBXFileReference; lastKnownFileType = sourcecode.swift; path = TeamModel.swift; sourceTree = "<group>"; };
		225D1A2229B8FD5A000E7E44 /* TeamsTabBarViewModel.swift */ = {isa = PBXFileReference; lastKnownFileType = sourcecode.swift; path = TeamsTabBarViewModel.swift; sourceTree = "<group>"; };
		225D1A2629B8FDE6000E7E44 /* TeamsApiService.swift */ = {isa = PBXFileReference; lastKnownFileType = sourcecode.swift; path = TeamsApiService.swift; sourceTree = "<group>"; };
		225D1A2829BB98BE000E7E44 /* HeroesGridCellsView.swift */ = {isa = PBXFileReference; lastKnownFileType = sourcecode.swift; path = HeroesGridCellsView.swift; sourceTree = "<group>"; };
		225D1A2A29BB9969000E7E44 /* HeroesListView.swift */ = {isa = PBXFileReference; lastKnownFileType = sourcecode.swift; path = HeroesListView.swift; sourceTree = "<group>"; };
		225D1A2C29BFC989000E7E44 /* HeroesGridCellsViewModel.swift */ = {isa = PBXFileReference; lastKnownFileType = sourcecode.swift; path = HeroesGridCellsViewModel.swift; sourceTree = "<group>"; };
		225D1A2E29BFCF83000E7E44 /* HeroTabBarViewModel.swift */ = {isa = PBXFileReference; lastKnownFileType = sourcecode.swift; path = HeroTabBarViewModel.swift; sourceTree = "<group>"; };
		225D1A3129C0E4A2000E7E44 /* PlayerView.swift */ = {isa = PBXFileReference; lastKnownFileType = sourcecode.swift; path = PlayerView.swift; sourceTree = "<group>"; };
		225D1A3629C0E4C9000E7E44 /* PlayerModel.swift */ = {isa = PBXFileReference; lastKnownFileType = sourcecode.swift; path = PlayerModel.swift; sourceTree = "<group>"; };
		225D1A3829C0E613000E7E44 /* PlayerViewModel.swift */ = {isa = PBXFileReference; lastKnownFileType = sourcecode.swift; path = PlayerViewModel.swift; sourceTree = "<group>"; };
		225D1A3C29C195DB000E7E44 /* HomeView.swift */ = {isa = PBXFileReference; fileEncoding = 4; lastKnownFileType = sourcecode.swift; name = HomeView.swift; path = Views/HomeView.swift; sourceTree = "<group>"; };
		225D1A3F29C2803D000E7E44 /* HeroDetailViewModel.swift */ = {isa = PBXFileReference; lastKnownFileType = sourcecode.swift; path = HeroDetailViewModel.swift; sourceTree = "<group>"; };
		225D1A4129C2B981000E7E44 /* heroesServiceResponse.json */ = {isa = PBXFileReference; fileEncoding = 4; lastKnownFileType = text.json; path = heroesServiceResponse.json; sourceTree = "<group>"; };
		225D1A4529C3885E000E7E44 /* HeroTabBarService.swift */ = {isa = PBXFileReference; lastKnownFileType = sourcecode.swift; path = HeroTabBarService.swift; sourceTree = "<group>"; };
		225D1A4829C3D0A2000E7E44 /* PlayerService.swift */ = {isa = PBXFileReference; lastKnownFileType = sourcecode.swift; path = PlayerService.swift; sourceTree = "<group>"; };
		225D1A4A29C4B350000E7E44 /* HeroModelOrganization.swift */ = {isa = PBXFileReference; lastKnownFileType = sourcecode.swift; path = HeroModelOrganization.swift; sourceTree = "<group>"; };
		225D1A4C29C4D07E000E7E44 /* DotaApiService_unitTests.swift */ = {isa = PBXFileReference; lastKnownFileType = sourcecode.swift; path = DotaApiService_unitTests.swift; sourceTree = "<group>"; };
		22F080AA29CA0927004A80EB /* HeroDetailService.swift */ = {isa = PBXFileReference; lastKnownFileType = sourcecode.swift; path = HeroDetailService.swift; sourceTree = "<group>"; };
		274DC2047A54282F330996C8 /* Pods-Dota2 plus.release.xcconfig */ = {isa = PBXFileReference; includeInIndex = 1; lastKnownFileType = text.xcconfig; name = "Pods-Dota2 plus.release.xcconfig"; path = "Target Support Files/Pods-Dota2 plus/Pods-Dota2 plus.release.xcconfig"; sourceTree = "<group>"; };
		47D9F1AD16D80D259D5C8053 /* Pods-Dota2 plusTests.release.xcconfig */ = {isa = PBXFileReference; includeInIndex = 1; lastKnownFileType = text.xcconfig; name = "Pods-Dota2 plusTests.release.xcconfig"; path = "Target Support Files/Pods-Dota2 plusTests/Pods-Dota2 plusTests.release.xcconfig"; sourceTree = "<group>"; };
		5189A488E78C26DBB01759C4 /* Pods-Dota2 plusTests.debug.xcconfig */ = {isa = PBXFileReference; includeInIndex = 1; lastKnownFileType = text.xcconfig; name = "Pods-Dota2 plusTests.debug.xcconfig"; path = "Target Support Files/Pods-Dota2 plusTests/Pods-Dota2 plusTests.debug.xcconfig"; sourceTree = "<group>"; };
		750CEAF2B9CE57323550665F /* Pods_Dota2_plus.framework */ = {isa = PBXFileReference; explicitFileType = wrapper.framework; includeInIndex = 0; path = Pods_Dota2_plus.framework; sourceTree = BUILT_PRODUCTS_DIR; };
		ACCD74B4F8C36BB9D2EFB8E4 /* Pods_Dota2_plusTests.framework */ = {isa = PBXFileReference; explicitFileType = wrapper.framework; includeInIndex = 0; path = Pods_Dota2_plusTests.framework; sourceTree = BUILT_PRODUCTS_DIR; };
		BE303A23DDC0DE9C4E024E7A /* Pods-Dota2 plus.debug.xcconfig */ = {isa = PBXFileReference; includeInIndex = 1; lastKnownFileType = text.xcconfig; name = "Pods-Dota2 plus.debug.xcconfig"; path = "Target Support Files/Pods-Dota2 plus/Pods-Dota2 plus.debug.xcconfig"; sourceTree = "<group>"; };
/* End PBXFileReference section */

/* Begin PBXFrameworksBuildPhase section */
		225D19C429B79EA6000E7E44 /* Frameworks */ = {
			isa = PBXFrameworksBuildPhase;
			buildActionMask = 2147483647;
			files = (
				1CFD6618AF0428932B0F7C8A /* Pods_Dota2_plus.framework in Frameworks */,
			);
			runOnlyForDeploymentPostprocessing = 0;
		};
		225D19D429B79EA7000E7E44 /* Frameworks */ = {
			isa = PBXFrameworksBuildPhase;
			buildActionMask = 2147483647;
			files = (
				8A6A5F81389CDCC38B84E368 /* Pods_Dota2_plusTests.framework in Frameworks */,
			);
			runOnlyForDeploymentPostprocessing = 0;
		};
/* End PBXFrameworksBuildPhase section */

/* Begin PBXGroup section */
		225D19BE29B79EA6000E7E44 = {
			isa = PBXGroup;
			children = (
				225D19C929B79EA6000E7E44 /* Dota2 plus */,
				225D19CE29B79EA7000E7E44 /* Assets.xcassets */,
				225D19DA29B79EA7000E7E44 /* Dota2 plusTests */,
				225D19C829B79EA6000E7E44 /* Products */,
				B6DD24F0916E19479C09F222 /* Pods */,
				70CD9F6C552A0BE1D54CDBD5 /* Frameworks */,
			);
			sourceTree = "<group>";
		};
		225D19C829B79EA6000E7E44 /* Products */ = {
			isa = PBXGroup;
			children = (
				225D19C729B79EA6000E7E44 /* Dota2 plus.app */,
				225D19D729B79EA7000E7E44 /* Dota2 plusTests.xctest */,
			);
			name = Products;
			sourceTree = "<group>";
		};
		225D19C929B79EA6000E7E44 /* Dota2 plus */ = {
			isa = PBXGroup;
			children = (
				225D1A3029C0E467000E7E44 /* PlayerView */,
				225D1A1B29B8D96D000E7E44 /* TeamsView */,
				225D1A1829B7FA92000E7E44 /* Utils */,
				225D1A1029B7BB19000E7E44 /* ViewRepresentable */,
				225D1A0929B7B564000E7E44 /* HeroDetailView */,
				225D19FA29B7A436000E7E44 /* HeroesListView */,
				225D19CA29B79EA6000E7E44 /* Dota2_plusApp.swift */,
				225D19F429B7A2EA000E7E44 /* HomeView */,
				225D19D029B79EA7000E7E44 /* Preview Content */,
				225D1A0529B7A647000E7E44 /* Constants.swift */,
			);
			path = "Dota2 plus";
			sourceTree = "<group>";
		};
		225D19D029B79EA7000E7E44 /* Preview Content */ = {
			isa = PBXGroup;
			children = (
				225D19D129B79EA7000E7E44 /* Preview Assets.xcassets */,
			);
			path = "Preview Content";
			sourceTree = "<group>";
		};
		225D19DA29B79EA7000E7E44 /* Dota2 plusTests */ = {
			isa = PBXGroup;
			children = (
				225D1A4129C2B981000E7E44 /* heroesServiceResponse.json */,
				225D19DB29B79EA7000E7E44 /* Dota2_plusTests.swift */,
				225D1A4C29C4D07E000E7E44 /* DotaApiService_unitTests.swift */,
			);
			path = "Dota2 plusTests";
			sourceTree = "<group>";
		};
		225D19F429B7A2EA000E7E44 /* HomeView */ = {
			isa = PBXGroup;
			children = (
				225D1A3C29C195DB000E7E44 /* HomeView.swift */,
			);
			path = HomeView;
			sourceTree = "<group>";
		};
		225D19FA29B7A436000E7E44 /* HeroesListView */ = {
			isa = PBXGroup;
			children = (
				225D1A4429C38850000E7E44 /* Service */,
				225D19FD29B7A463000E7E44 /* Models */,
				225D19FC29B7A45E000E7E44 /* ViewModels */,
				225D19FB29B7A456000E7E44 /* Views */,
			);
			path = HeroesListView;
			sourceTree = "<group>";
		};
		225D19FB29B7A456000E7E44 /* Views */ = {
			isa = PBXGroup;
			children = (
				225D19FF29B7A491000E7E44 /* HeroesTabBarView.swift */,
				225D1A1329B7E4E1000E7E44 /* SearchableHeroListView.swift */,
				225D1A2829BB98BE000E7E44 /* HeroesGridCellsView.swift */,
				225D1A2A29BB9969000E7E44 /* HeroesListView.swift */,
			);
			path = Views;
			sourceTree = "<group>";
		};
		225D19FC29B7A45E000E7E44 /* ViewModels */ = {
			isa = PBXGroup;
			children = (
				225D1A0729B7B37F000E7E44 /* HeroesListViewModel.swift */,
				225D1A2C29BFC989000E7E44 /* HeroesGridCellsViewModel.swift */,
				225D1A2E29BFCF83000E7E44 /* HeroTabBarViewModel.swift */,
			);
			path = ViewModels;
			sourceTree = "<group>";
		};
		225D19FD29B7A463000E7E44 /* Models */ = {
			isa = PBXGroup;
			children = (
				225D1A0129B7A4A9000E7E44 /* HeroesModel.swift */,
				225D1A4A29C4B350000E7E44 /* HeroModelOrganization.swift */,
			);
			path = Models;
			sourceTree = "<group>";
		};
		225D1A0929B7B564000E7E44 /* HeroDetailView */ = {
			isa = PBXGroup;
			children = (
				22F080A929CA0918004A80EB /* Service */,
				225D1A3E29C28030000E7E44 /* ViewModel */,
				225D1A0A29B7B571000E7E44 /* Views */,
			);
			path = HeroDetailView;
			sourceTree = "<group>";
		};
		225D1A0A29B7B571000E7E44 /* Views */ = {
			isa = PBXGroup;
			children = (
				225D1A0E29B7B611000E7E44 /* HeroDetailView.swift */,
			);
			path = Views;
			sourceTree = "<group>";
		};
		225D1A1029B7BB19000E7E44 /* ViewRepresentable */ = {
			isa = PBXGroup;
			children = (
				225D1A1129B7BB27000E7E44 /* SwiftUIWebView.swift */,
			);
			path = ViewRepresentable;
			sourceTree = "<group>";
		};
		225D1A1829B7FA92000E7E44 /* Utils */ = {
			isa = PBXGroup;
			children = (
				225D1A1929B7FAA7000E7E44 /* DotaApiService.swift */,
			);
			path = Utils;
			sourceTree = "<group>";
		};
		225D1A1B29B8D96D000E7E44 /* TeamsView */ = {
			isa = PBXGroup;
			children = (
				225D1A2529B8FDCF000E7E44 /* Service */,
				225D1A2429B8FD61000E7E44 /* ViewModels */,
				225D1A1F29B8D9B5000E7E44 /* Model */,
				225D1A1E29B8D9A5000E7E44 /* Views */,
			);
			path = TeamsView;
			sourceTree = "<group>";
		};
		225D1A1E29B8D9A5000E7E44 /* Views */ = {
			isa = PBXGroup;
			children = (
				225D1A1C29B8D99B000E7E44 /* TeamsTabBarView.swift */,
			);
			path = Views;
			sourceTree = "<group>";
		};
		225D1A1F29B8D9B5000E7E44 /* Model */ = {
			isa = PBXGroup;
			children = (
				225D1A2029B8DD5A000E7E44 /* TeamModel.swift */,
			);
			path = Model;
			sourceTree = "<group>";
		};
		225D1A2429B8FD61000E7E44 /* ViewModels */ = {
			isa = PBXGroup;
			children = (
				225D1A2229B8FD5A000E7E44 /* TeamsTabBarViewModel.swift */,
			);
			path = ViewModels;
			sourceTree = "<group>";
		};
		225D1A2529B8FDCF000E7E44 /* Service */ = {
			isa = PBXGroup;
			children = (
				225D1A2629B8FDE6000E7E44 /* TeamsApiService.swift */,
			);
			path = Service;
			sourceTree = "<group>";
		};
		225D1A3029C0E467000E7E44 /* PlayerView */ = {
			isa = PBXGroup;
			children = (
				225D1A4729C3D06B000E7E44 /* Service */,
				225D1A3529C0E4B7000E7E44 /* Model */,
				225D1A3329C0E4A6000E7E44 /* ViewModel */,
				225D1A3129C0E4A2000E7E44 /* PlayerView.swift */,
			);
			path = PlayerView;
			sourceTree = "<group>";
		};
		225D1A3329C0E4A6000E7E44 /* ViewModel */ = {
			isa = PBXGroup;
			children = (
				225D1A3829C0E613000E7E44 /* PlayerViewModel.swift */,
			);
			path = ViewModel;
			sourceTree = "<group>";
		};
		225D1A3529C0E4B7000E7E44 /* Model */ = {
			isa = PBXGroup;
			children = (
				225D1A3629C0E4C9000E7E44 /* PlayerModel.swift */,
			);
			path = Model;
			sourceTree = "<group>";
		};
		225D1A3E29C28030000E7E44 /* ViewModel */ = {
			isa = PBXGroup;
			children = (
				225D1A3F29C2803D000E7E44 /* HeroDetailViewModel.swift */,
			);
			path = ViewModel;
			sourceTree = "<group>";
		};
		225D1A4429C38850000E7E44 /* Service */ = {
			isa = PBXGroup;
			children = (
				225D1A4529C3885E000E7E44 /* HeroTabBarService.swift */,
			);
			path = Service;
			sourceTree = "<group>";
		};
		225D1A4729C3D06B000E7E44 /* Service */ = {
			isa = PBXGroup;
			children = (
				225D1A4829C3D0A2000E7E44 /* PlayerService.swift */,
			);
			path = Service;
			sourceTree = "<group>";
		};
		22F080A929CA0918004A80EB /* Service */ = {
			isa = PBXGroup;
			children = (
				22F080AA29CA0927004A80EB /* HeroDetailService.swift */,
			);
			path = Service;
			sourceTree = "<group>";
		};
		70CD9F6C552A0BE1D54CDBD5 /* Frameworks */ = {
			isa = PBXGroup;
			children = (
				750CEAF2B9CE57323550665F /* Pods_Dota2_plus.framework */,
				ACCD74B4F8C36BB9D2EFB8E4 /* Pods_Dota2_plusTests.framework */,
			);
			name = Frameworks;
			sourceTree = "<group>";
		};
		B6DD24F0916E19479C09F222 /* Pods */ = {
			isa = PBXGroup;
			children = (
				BE303A23DDC0DE9C4E024E7A /* Pods-Dota2 plus.debug.xcconfig */,
				274DC2047A54282F330996C8 /* Pods-Dota2 plus.release.xcconfig */,
				5189A488E78C26DBB01759C4 /* Pods-Dota2 plusTests.debug.xcconfig */,
				47D9F1AD16D80D259D5C8053 /* Pods-Dota2 plusTests.release.xcconfig */,
			);
			name = Pods;
			path = Pods;
			sourceTree = "<group>";
		};
/* End PBXGroup section */

/* Begin PBXNativeTarget section */
		225D19C629B79EA6000E7E44 /* Dota2 plus */ = {
			isa = PBXNativeTarget;
			buildConfigurationList = 225D19EB29B79EA7000E7E44 /* Build configuration list for PBXNativeTarget "Dota2 plus" */;
			buildPhases = (
				CA83506581D7F8516D0167B0 /* [CP] Check Pods Manifest.lock */,
				225D19C329B79EA6000E7E44 /* Sources */,
				225D19C429B79EA6000E7E44 /* Frameworks */,
				225D19C529B79EA6000E7E44 /* Resources */,
			);
			buildRules = (
			);
			dependencies = (
			);
			name = "Dota2 plus";
			productName = "Dota2 plus";
			productReference = 225D19C729B79EA6000E7E44 /* Dota2 plus.app */;
			productType = "com.apple.product-type.application";
		};
		225D19D629B79EA7000E7E44 /* Dota2 plusTests */ = {
			isa = PBXNativeTarget;
			buildConfigurationList = 225D19EE29B79EA7000E7E44 /* Build configuration list for PBXNativeTarget "Dota2 plusTests" */;
			buildPhases = (
				B8F16E30B30100CC50869716 /* [CP] Check Pods Manifest.lock */,
				225D19D329B79EA7000E7E44 /* Sources */,
				225D19D429B79EA7000E7E44 /* Frameworks */,
				225D19D529B79EA7000E7E44 /* Resources */,
			);
			buildRules = (
			);
			dependencies = (
				225D19D929B79EA7000E7E44 /* PBXTargetDependency */,
			);
			name = "Dota2 plusTests";
			productName = "Dota2 plusTests";
			productReference = 225D19D729B79EA7000E7E44 /* Dota2 plusTests.xctest */;
			productType = "com.apple.product-type.bundle.unit-test";
		};
/* End PBXNativeTarget section */

/* Begin PBXProject section */
		225D19BF29B79EA6000E7E44 /* Project object */ = {
			isa = PBXProject;
			attributes = {
				BuildIndependentTargetsInParallel = 1;
				LastSwiftUpdateCheck = 1420;
				LastUpgradeCheck = 1420;
				TargetAttributes = {
					225D19C629B79EA6000E7E44 = {
						CreatedOnToolsVersion = 14.2;
					};
					225D19D629B79EA7000E7E44 = {
						CreatedOnToolsVersion = 14.2;
						TestTargetID = 225D19C629B79EA6000E7E44;
					};
				};
			};
			buildConfigurationList = 225D19C229B79EA6000E7E44 /* Build configuration list for PBXProject "Dota2 plus" */;
			compatibilityVersion = "Xcode 14.0";
			developmentRegion = en;
			hasScannedForEncodings = 0;
			knownRegions = (
				en,
				Base,
			);
			mainGroup = 225D19BE29B79EA6000E7E44;
			productRefGroup = 225D19C829B79EA6000E7E44 /* Products */;
			projectDirPath = "";
			projectRoot = "";
			targets = (
				225D19C629B79EA6000E7E44 /* Dota2 plus */,
				225D19D629B79EA7000E7E44 /* Dota2 plusTests */,
			);
		};
/* End PBXProject section */

/* Begin PBXResourcesBuildPhase section */
		225D19C529B79EA6000E7E44 /* Resources */ = {
			isa = PBXResourcesBuildPhase;
			buildActionMask = 2147483647;
			files = (
				225D1A4229C2B981000E7E44 /* heroesServiceResponse.json in Resources */,
				225D19D229B79EA7000E7E44 /* Preview Assets.xcassets in Resources */,
				225D19CF29B79EA7000E7E44 /* Assets.xcassets in Resources */,
			);
			runOnlyForDeploymentPostprocessing = 0;
		};
		225D19D529B79EA7000E7E44 /* Resources */ = {
			isa = PBXResourcesBuildPhase;
			buildActionMask = 2147483647;
			files = (
				225D1A4329C2B981000E7E44 /* heroesServiceResponse.json in Resources */,
			);
			runOnlyForDeploymentPostprocessing = 0;
		};
/* End PBXResourcesBuildPhase section */

/* Begin PBXShellScriptBuildPhase section */
		B8F16E30B30100CC50869716 /* [CP] Check Pods Manifest.lock */ = {
			isa = PBXShellScriptBuildPhase;
			buildActionMask = 2147483647;
			files = (
			);
			inputFileListPaths = (
			);
			inputPaths = (
				"${PODS_PODFILE_DIR_PATH}/Podfile.lock",
				"${PODS_ROOT}/Manifest.lock",
			);
			name = "[CP] Check Pods Manifest.lock";
			outputFileListPaths = (
			);
			outputPaths = (
				"$(DERIVED_FILE_DIR)/Pods-Dota2 plusTests-checkManifestLockResult.txt",
			);
			runOnlyForDeploymentPostprocessing = 0;
			shellPath = /bin/sh;
			shellScript = "diff \"${PODS_PODFILE_DIR_PATH}/Podfile.lock\" \"${PODS_ROOT}/Manifest.lock\" > /dev/null\nif [ $? != 0 ] ; then\n    # print error to STDERR\n    echo \"error: The sandbox is not in sync with the Podfile.lock. Run 'pod install' or update your CocoaPods installation.\" >&2\n    exit 1\nfi\n# This output is used by Xcode 'outputs' to avoid re-running this script phase.\necho \"SUCCESS\" > \"${SCRIPT_OUTPUT_FILE_0}\"\n";
			showEnvVarsInLog = 0;
		};
		CA83506581D7F8516D0167B0 /* [CP] Check Pods Manifest.lock */ = {
			isa = PBXShellScriptBuildPhase;
			buildActionMask = 2147483647;
			files = (
			);
			inputFileListPaths = (
			);
			inputPaths = (
				"${PODS_PODFILE_DIR_PATH}/Podfile.lock",
				"${PODS_ROOT}/Manifest.lock",
			);
			name = "[CP] Check Pods Manifest.lock";
			outputFileListPaths = (
			);
			outputPaths = (
				"$(DERIVED_FILE_DIR)/Pods-Dota2 plus-checkManifestLockResult.txt",
			);
			runOnlyForDeploymentPostprocessing = 0;
			shellPath = /bin/sh;
			shellScript = "diff \"${PODS_PODFILE_DIR_PATH}/Podfile.lock\" \"${PODS_ROOT}/Manifest.lock\" > /dev/null\nif [ $? != 0 ] ; then\n    # print error to STDERR\n    echo \"error: The sandbox is not in sync with the Podfile.lock. Run 'pod install' or update your CocoaPods installation.\" >&2\n    exit 1\nfi\n# This output is used by Xcode 'outputs' to avoid re-running this script phase.\necho \"SUCCESS\" > \"${SCRIPT_OUTPUT_FILE_0}\"\n";
			showEnvVarsInLog = 0;
		};
/* End PBXShellScriptBuildPhase section */

/* Begin PBXSourcesBuildPhase section */
		225D19C329B79EA6000E7E44 /* Sources */ = {
			isa = PBXSourcesBuildPhase;
			buildActionMask = 2147483647;
			files = (
				225D1A2F29BFCF83000E7E44 /* HeroTabBarViewModel.swift in Sources */,
				225D1A1429B7E4E1000E7E44 /* SearchableHeroListView.swift in Sources */,
				225D1A4629C3885E000E7E44 /* HeroTabBarService.swift in Sources */,
				225D1A2929BB98BE000E7E44 /* HeroesGridCellsView.swift in Sources */,
				225D1A2729B8FDE6000E7E44 /* TeamsApiService.swift in Sources */,
				225D1A2329B8FD5A000E7E44 /* TeamsTabBarViewModel.swift in Sources */,
				225D1A3D29C195DB000E7E44 /* HomeView.swift in Sources */,
				225D1A1229B7BB27000E7E44 /* SwiftUIWebView.swift in Sources */,
				225D1A3229C0E4A2000E7E44 /* PlayerView.swift in Sources */,
				225D1A2129B8DD5A000E7E44 /* TeamModel.swift in Sources */,
				225D1A2B29BB9969000E7E44 /* HeroesListView.swift in Sources */,
				225D1A1D29B8D99B000E7E44 /* TeamsTabBarView.swift in Sources */,
				225D1A4929C3D0A2000E7E44 /* PlayerService.swift in Sources */,
				225D1A4B29C4B350000E7E44 /* HeroModelOrganization.swift in Sources */,
				225D1A3729C0E4C9000E7E44 /* PlayerModel.swift in Sources */,
				225D1A3929C0E613000E7E44 /* PlayerViewModel.swift in Sources */,
				225D19CB29B79EA6000E7E44 /* Dota2_plusApp.swift in Sources */,
				225D1A0F29B7B611000E7E44 /* HeroDetailView.swift in Sources */,
				225D1A0029B7A491000E7E44 /* HeroesTabBarView.swift in Sources */,
				225D1A1A29B7FAA7000E7E44 /* DotaApiService.swift in Sources */,
				225D1A0229B7A4A9000E7E44 /* HeroesModel.swift in Sources */,
				225D1A2D29BFC989000E7E44 /* HeroesGridCellsViewModel.swift in Sources */,
				225D1A4029C2803D000E7E44 /* HeroDetailViewModel.swift in Sources */,
				225D1A0629B7A647000E7E44 /* Constants.swift in Sources */,
				22F080AB29CA0927004A80EB /* HeroDetailService.swift in Sources */,
				225D1A0829B7B37F000E7E44 /* HeroesListViewModel.swift in Sources */,
			);
			runOnlyForDeploymentPostprocessing = 0;
		};
		225D19D329B79EA7000E7E44 /* Sources */ = {
			isa = PBXSourcesBuildPhase;
			buildActionMask = 2147483647;
			files = (
				225D1A4D29C4D07E000E7E44 /* DotaApiService_unitTests.swift in Sources */,
				225D19DC29B79EA7000E7E44 /* Dota2_plusTests.swift in Sources */,
			);
			runOnlyForDeploymentPostprocessing = 0;
		};
/* End PBXSourcesBuildPhase section */

/* Begin PBXTargetDependency section */
		225D19D929B79EA7000E7E44 /* PBXTargetDependency */ = {
			isa = PBXTargetDependency;
			target = 225D19C629B79EA6000E7E44 /* Dota2 plus */;
			targetProxy = 225D19D829B79EA7000E7E44 /* PBXContainerItemProxy */;
		};
/* End PBXTargetDependency section */

/* Begin XCBuildConfiguration section */
		225D19E929B79EA7000E7E44 /* Debug */ = {
			isa = XCBuildConfiguration;
			buildSettings = {
				ALWAYS_SEARCH_USER_PATHS = NO;
				CLANG_ANALYZER_NONNULL = YES;
				CLANG_ANALYZER_NUMBER_OBJECT_CONVERSION = YES_AGGRESSIVE;
				CLANG_CXX_LANGUAGE_STANDARD = "gnu++20";
				CLANG_ENABLE_MODULES = YES;
				CLANG_ENABLE_OBJC_ARC = YES;
				CLANG_ENABLE_OBJC_WEAK = YES;
				CLANG_WARN_BLOCK_CAPTURE_AUTORELEASING = YES;
				CLANG_WARN_BOOL_CONVERSION = YES;
				CLANG_WARN_COMMA = YES;
				CLANG_WARN_CONSTANT_CONVERSION = YES;
				CLANG_WARN_DEPRECATED_OBJC_IMPLEMENTATIONS = YES;
				CLANG_WARN_DIRECT_OBJC_ISA_USAGE = YES_ERROR;
				CLANG_WARN_DOCUMENTATION_COMMENTS = YES;
				CLANG_WARN_EMPTY_BODY = YES;
				CLANG_WARN_ENUM_CONVERSION = YES;
				CLANG_WARN_INFINITE_RECURSION = YES;
				CLANG_WARN_INT_CONVERSION = YES;
				CLANG_WARN_NON_LITERAL_NULL_CONVERSION = YES;
				CLANG_WARN_OBJC_IMPLICIT_RETAIN_SELF = YES;
				CLANG_WARN_OBJC_LITERAL_CONVERSION = YES;
				CLANG_WARN_OBJC_ROOT_CLASS = YES_ERROR;
				CLANG_WARN_QUOTED_INCLUDE_IN_FRAMEWORK_HEADER = YES;
				CLANG_WARN_RANGE_LOOP_ANALYSIS = YES;
				CLANG_WARN_STRICT_PROTOTYPES = YES;
				CLANG_WARN_SUSPICIOUS_MOVE = YES;
				CLANG_WARN_UNGUARDED_AVAILABILITY = YES_AGGRESSIVE;
				CLANG_WARN_UNREACHABLE_CODE = YES;
				CLANG_WARN__DUPLICATE_METHOD_MATCH = YES;
				COPY_PHASE_STRIP = NO;
				DEBUG_INFORMATION_FORMAT = dwarf;
				ENABLE_STRICT_OBJC_MSGSEND = YES;
				ENABLE_TESTABILITY = YES;
				GCC_C_LANGUAGE_STANDARD = gnu11;
				GCC_DYNAMIC_NO_PIC = NO;
				GCC_NO_COMMON_BLOCKS = YES;
				GCC_OPTIMIZATION_LEVEL = 0;
				GCC_PREPROCESSOR_DEFINITIONS = (
					"DEBUG=1",
					"$(inherited)",
				);
				GCC_WARN_64_TO_32_BIT_CONVERSION = YES;
				GCC_WARN_ABOUT_RETURN_TYPE = YES_ERROR;
				GCC_WARN_UNDECLARED_SELECTOR = YES;
				GCC_WARN_UNINITIALIZED_AUTOS = YES_AGGRESSIVE;
				GCC_WARN_UNUSED_FUNCTION = YES;
				GCC_WARN_UNUSED_VARIABLE = YES;
				IPHONEOS_DEPLOYMENT_TARGET = 16.2;
				MTL_ENABLE_DEBUG_INFO = INCLUDE_SOURCE;
				MTL_FAST_MATH = YES;
				ONLY_ACTIVE_ARCH = YES;
				SDKROOT = iphoneos;
				SWIFT_ACTIVE_COMPILATION_CONDITIONS = DEBUG;
				SWIFT_OPTIMIZATION_LEVEL = "-Onone";
			};
			name = Debug;
		};
		225D19EA29B79EA7000E7E44 /* Release */ = {
			isa = XCBuildConfiguration;
			buildSettings = {
				ALWAYS_SEARCH_USER_PATHS = NO;
				CLANG_ANALYZER_NONNULL = YES;
				CLANG_ANALYZER_NUMBER_OBJECT_CONVERSION = YES_AGGRESSIVE;
				CLANG_CXX_LANGUAGE_STANDARD = "gnu++20";
				CLANG_ENABLE_MODULES = YES;
				CLANG_ENABLE_OBJC_ARC = YES;
				CLANG_ENABLE_OBJC_WEAK = YES;
				CLANG_WARN_BLOCK_CAPTURE_AUTORELEASING = YES;
				CLANG_WARN_BOOL_CONVERSION = YES;
				CLANG_WARN_COMMA = YES;
				CLANG_WARN_CONSTANT_CONVERSION = YES;
				CLANG_WARN_DEPRECATED_OBJC_IMPLEMENTATIONS = YES;
				CLANG_WARN_DIRECT_OBJC_ISA_USAGE = YES_ERROR;
				CLANG_WARN_DOCUMENTATION_COMMENTS = YES;
				CLANG_WARN_EMPTY_BODY = YES;
				CLANG_WARN_ENUM_CONVERSION = YES;
				CLANG_WARN_INFINITE_RECURSION = YES;
				CLANG_WARN_INT_CONVERSION = YES;
				CLANG_WARN_NON_LITERAL_NULL_CONVERSION = YES;
				CLANG_WARN_OBJC_IMPLICIT_RETAIN_SELF = YES;
				CLANG_WARN_OBJC_LITERAL_CONVERSION = YES;
				CLANG_WARN_OBJC_ROOT_CLASS = YES_ERROR;
				CLANG_WARN_QUOTED_INCLUDE_IN_FRAMEWORK_HEADER = YES;
				CLANG_WARN_RANGE_LOOP_ANALYSIS = YES;
				CLANG_WARN_STRICT_PROTOTYPES = YES;
				CLANG_WARN_SUSPICIOUS_MOVE = YES;
				CLANG_WARN_UNGUARDED_AVAILABILITY = YES_AGGRESSIVE;
				CLANG_WARN_UNREACHABLE_CODE = YES;
				CLANG_WARN__DUPLICATE_METHOD_MATCH = YES;
				COPY_PHASE_STRIP = NO;
				DEBUG_INFORMATION_FORMAT = "dwarf-with-dsym";
				ENABLE_NS_ASSERTIONS = NO;
				ENABLE_STRICT_OBJC_MSGSEND = YES;
				GCC_C_LANGUAGE_STANDARD = gnu11;
				GCC_NO_COMMON_BLOCKS = YES;
				GCC_WARN_64_TO_32_BIT_CONVERSION = YES;
				GCC_WARN_ABOUT_RETURN_TYPE = YES_ERROR;
				GCC_WARN_UNDECLARED_SELECTOR = YES;
				GCC_WARN_UNINITIALIZED_AUTOS = YES_AGGRESSIVE;
				GCC_WARN_UNUSED_FUNCTION = YES;
				GCC_WARN_UNUSED_VARIABLE = YES;
				IPHONEOS_DEPLOYMENT_TARGET = 16.2;
				MTL_ENABLE_DEBUG_INFO = NO;
				MTL_FAST_MATH = YES;
				ONLY_ACTIVE_ARCH = YES;
				SDKROOT = iphoneos;
				SWIFT_COMPILATION_MODE = wholemodule;
				SWIFT_OPTIMIZATION_LEVEL = "-O";
				VALIDATE_PRODUCT = YES;
			};
			name = Release;
		};
		225D19EC29B79EA7000E7E44 /* Debug */ = {
			isa = XCBuildConfiguration;
			baseConfigurationReference = BE303A23DDC0DE9C4E024E7A /* Pods-Dota2 plus.debug.xcconfig */;
			buildSettings = {
				ASSETCATALOG_COMPILER_APPICON_NAME = AppIcon;
				ASSETCATALOG_COMPILER_GLOBAL_ACCENT_COLOR_NAME = AccentColor;
				CODE_SIGN_STYLE = Automatic;
				CURRENT_PROJECT_VERSION = 1;
				DEVELOPMENT_ASSET_PATHS = "\"Dota2 plus/Preview Content\"";
				DEVELOPMENT_TEAM = 2U49T83TPH;
				ENABLE_PREVIEWS = YES;
				GENERATE_INFOPLIST_FILE = YES;
				INFOPLIST_KEY_UIApplicationSceneManifest_Generation = YES;
				INFOPLIST_KEY_UIApplicationSupportsIndirectInputEvents = YES;
				INFOPLIST_KEY_UILaunchScreen_Generation = YES;
				INFOPLIST_KEY_UISupportedInterfaceOrientations_iPad = "UIInterfaceOrientationPortrait UIInterfaceOrientationPortraitUpsideDown UIInterfaceOrientationLandscapeLeft UIInterfaceOrientationLandscapeRight";
				INFOPLIST_KEY_UISupportedInterfaceOrientations_iPhone = "UIInterfaceOrientationPortrait UIInterfaceOrientationLandscapeLeft UIInterfaceOrientationLandscapeRight";
				LD_RUNPATH_SEARCH_PATHS = (
					"$(inherited)",
					"@executable_path/Frameworks",
				);
				MARKETING_VERSION = 1.0;
				PRODUCT_BUNDLE_IDENTIFIER = "Dota2-plus";
				PRODUCT_NAME = "$(TARGET_NAME)";
				SWIFT_EMIT_LOC_STRINGS = YES;
				SWIFT_VERSION = 5.0;
				TARGETED_DEVICE_FAMILY = "1,2";
			};
			name = Debug;
		};
		225D19ED29B79EA7000E7E44 /* Release */ = {
			isa = XCBuildConfiguration;
			baseConfigurationReference = 274DC2047A54282F330996C8 /* Pods-Dota2 plus.release.xcconfig */;
			buildSettings = {
				ASSETCATALOG_COMPILER_APPICON_NAME = AppIcon;
				ASSETCATALOG_COMPILER_GLOBAL_ACCENT_COLOR_NAME = AccentColor;
				CODE_SIGN_STYLE = Automatic;
				CURRENT_PROJECT_VERSION = 1;
				DEVELOPMENT_ASSET_PATHS = "\"Dota2 plus/Preview Content\"";
				DEVELOPMENT_TEAM = 2U49T83TPH;
				ENABLE_PREVIEWS = YES;
				GENERATE_INFOPLIST_FILE = YES;
				INFOPLIST_KEY_UIApplicationSceneManifest_Generation = YES;
				INFOPLIST_KEY_UIApplicationSupportsIndirectInputEvents = YES;
				INFOPLIST_KEY_UILaunchScreen_Generation = YES;
				INFOPLIST_KEY_UISupportedInterfaceOrientations_iPad = "UIInterfaceOrientationPortrait UIInterfaceOrientationPortraitUpsideDown UIInterfaceOrientationLandscapeLeft UIInterfaceOrientationLandscapeRight";
				INFOPLIST_KEY_UISupportedInterfaceOrientations_iPhone = "UIInterfaceOrientationPortrait UIInterfaceOrientationLandscapeLeft UIInterfaceOrientationLandscapeRight";
				LD_RUNPATH_SEARCH_PATHS = (
					"$(inherited)",
					"@executable_path/Frameworks",
				);
				MARKETING_VERSION = 1.0;
				PRODUCT_BUNDLE_IDENTIFIER = "Dota2-plus";
				PRODUCT_NAME = "$(TARGET_NAME)";
				SWIFT_EMIT_LOC_STRINGS = YES;
				SWIFT_VERSION = 5.0;
				TARGETED_DEVICE_FAMILY = "1,2";
			};
			name = Release;
		};
		225D19EF29B79EA7000E7E44 /* Debug */ = {
			isa = XCBuildConfiguration;
			baseConfigurationReference = 5189A488E78C26DBB01759C4 /* Pods-Dota2 plusTests.debug.xcconfig */;
			buildSettings = {
				ALWAYS_EMBED_SWIFT_STANDARD_LIBRARIES = YES;
				BUNDLE_LOADER = "$(TEST_HOST)";
				CODE_SIGN_STYLE = Automatic;
				CURRENT_PROJECT_VERSION = 1;
				DEVELOPMENT_TEAM = 2U49T83TPH;
				GENERATE_INFOPLIST_FILE = YES;
				IPHONEOS_DEPLOYMENT_TARGET = 16.2;
				MARKETING_VERSION = 1.0;
				PRODUCT_BUNDLE_IDENTIFIER = "Dota2-plusTests";
				PRODUCT_NAME = "$(TARGET_NAME)";
				SWIFT_EMIT_LOC_STRINGS = NO;
				SWIFT_VERSION = 5.0;
				TARGETED_DEVICE_FAMILY = "1,2";
				TEST_HOST = "$(BUILT_PRODUCTS_DIR)/Dota2 plus.app/$(BUNDLE_EXECUTABLE_FOLDER_PATH)/Dota2 plus";
			};
			name = Debug;
		};
		225D19F029B79EA7000E7E44 /* Release */ = {
			isa = XCBuildConfiguration;
			baseConfigurationReference = 47D9F1AD16D80D259D5C8053 /* Pods-Dota2 plusTests.release.xcconfig */;
			buildSettings = {
				ALWAYS_EMBED_SWIFT_STANDARD_LIBRARIES = YES;
				BUNDLE_LOADER = "$(TEST_HOST)";
				CODE_SIGN_STYLE = Automatic;
				CURRENT_PROJECT_VERSION = 1;
				DEVELOPMENT_TEAM = 2U49T83TPH;
				GENERATE_INFOPLIST_FILE = YES;
				IPHONEOS_DEPLOYMENT_TARGET = 16.2;
				MARKETING_VERSION = 1.0;
				PRODUCT_BUNDLE_IDENTIFIER = "Dota2-plusTests";
				PRODUCT_NAME = "$(TARGET_NAME)";
				SWIFT_EMIT_LOC_STRINGS = NO;
				SWIFT_VERSION = 5.0;
				TARGETED_DEVICE_FAMILY = "1,2";
				TEST_HOST = "$(BUILT_PRODUCTS_DIR)/Dota2 plus.app/$(BUNDLE_EXECUTABLE_FOLDER_PATH)/Dota2 plus";
			};
			name = Release;
		};
/* End XCBuildConfiguration section */

/* Begin XCConfigurationList section */
		225D19C229B79EA6000E7E44 /* Build configuration list for PBXProject "Dota2 plus" */ = {
			isa = XCConfigurationList;
			buildConfigurations = (
				225D19E929B79EA7000E7E44 /* Debug */,
				225D19EA29B79EA7000E7E44 /* Release */,
			);
			defaultConfigurationIsVisible = 0;
			defaultConfigurationName = Release;
		};
		225D19EB29B79EA7000E7E44 /* Build configuration list for PBXNativeTarget "Dota2 plus" */ = {
			isa = XCConfigurationList;
			buildConfigurations = (
				225D19EC29B79EA7000E7E44 /* Debug */,
				225D19ED29B79EA7000E7E44 /* Release */,
			);
			defaultConfigurationIsVisible = 0;
			defaultConfigurationName = Release;
		};
		225D19EE29B79EA7000E7E44 /* Build configuration list for PBXNativeTarget "Dota2 plusTests" */ = {
			isa = XCConfigurationList;
			buildConfigurations = (
				225D19EF29B79EA7000E7E44 /* Debug */,
				225D19F029B79EA7000E7E44 /* Release */,
			);
			defaultConfigurationIsVisible = 0;
			defaultConfigurationName = Release;
		};
/* End XCConfigurationList section */
	};
	rootObject = 225D19BF29B79EA6000E7E44 /* Project object */;
}
